
Microsoft Visual Studio Solution File, Format Version 12.00
# Visual Studio Version 16
VisualStudioVersion = 16.0.32002.261
MinimumVisualStudioVersion = 10.0.40219.1
Project("{FAE04EC0-301F-11D3-BF4B-00C04F79EFBC}") = "ConsoleApp17", "ConsoleApp17\ConsoleApp17.csproj", "{6E30BFE1-D5E4-4C24-97F8-38547C50D57E}"
EndProject
Global
	GlobalSection(SolutionConfigurationPlatforms) = preSolution
		Debug|Any CPU = Debug|Any CPU
		Release|Any CPU = Release|Any CPU
	EndGlobalSection
	GlobalSection(ProjectConfigurationPlatforms) = postSolution
		{6E30BFE1-D5E4-4C24-97F8-38547C50D57E}.Debug|Any CPU.ActiveCfg = Debug|Any CPU
		{6E30BFE1-D5E4-4C24-97F8-38547C50D57E}.Debug|Any CPU.Build.0 = Debug|Any CPU
		{6E30BFE1-D5E4-4C24-97F8-38547C50D57E}.Release|Any CPU.ActiveCfg = Release|Any CPU
		{6E30BFE1-D5E4-4C24-97F8-38547C50D57E}.Release|Any CPU.Build.0 = Release|Any CPU
	EndGlobalSection
	GlobalSection(SolutionProperties) = preSolution
		HideSolutionNode = FALSE
	EndGlobalSection
	GlobalSection(ExtensibilityGlobals) = postSolution
		SolutionGuid = {EE275DE1-5F2B-4171-B051-FF8E5861EECF}
	EndGlobalSection
EndGlobal
