
Microsoft Visual Studio Solution File, Format Version 12.00
# Visual Studio Version 16
VisualStudioVersion = 16.0.32002.261
MinimumVisualStudioVersion = 10.0.40219.1
Project("{FAE04EC0-301F-11D3-BF4B-00C04F79EFBC}") = "ConsoleApp10", "ConsoleApp10\ConsoleApp10.csproj", "{292E862B-43F2-43E4-91A2-4961A09B1EC7}"
EndProject
Global
	GlobalSection(SolutionConfigurationPlatforms) = preSolution
		Debug|Any CPU = Debug|Any CPU
		Release|Any CPU = Release|Any CPU
	EndGlobalSection
	GlobalSection(ProjectConfigurationPlatforms) = postSolution
		{292E862B-43F2-43E4-91A2-4961A09B1EC7}.Debug|Any CPU.ActiveCfg = Debug|Any CPU
		{292E862B-43F2-43E4-91A2-4961A09B1EC7}.Debug|Any CPU.Build.0 = Debug|Any CPU
		{292E862B-43F2-43E4-91A2-4961A09B1EC7}.Release|Any CPU.ActiveCfg = Release|Any CPU
		{292E862B-43F2-43E4-91A2-4961A09B1EC7}.Release|Any CPU.Build.0 = Release|Any CPU
	EndGlobalSection
	GlobalSection(SolutionProperties) = preSolution
		HideSolutionNode = FALSE
	EndGlobalSection
	GlobalSection(ExtensibilityGlobals) = postSolution
		SolutionGuid = {63100D6A-D32F-4E2D-B929-7D8F5CF43BF7}
	EndGlobalSection
EndGlobal
