
Microsoft Visual Studio Solution File, Format Version 12.00
# Visual Studio Version 16
VisualStudioVersion = 16.0.32002.261
MinimumVisualStudioVersion = 10.0.40219.1
Project("{FAE04EC0-301F-11D3-BF4B-00C04F79EFBC}") = "ConsoleApp4", "ConsoleApp4\ConsoleApp4.csproj", "{6BA1D652-05D2-40A8-87E3-A91A2972368B}"
EndProject
Global
	GlobalSection(SolutionConfigurationPlatforms) = preSolution
		Debug|Any CPU = Debug|Any CPU
		Release|Any CPU = Release|Any CPU
	EndGlobalSection
	GlobalSection(ProjectConfigurationPlatforms) = postSolution
		{6BA1D652-05D2-40A8-87E3-A91A2972368B}.Debug|Any CPU.ActiveCfg = Debug|Any CPU
		{6BA1D652-05D2-40A8-87E3-A91A2972368B}.Debug|Any CPU.Build.0 = Debug|Any CPU
		{6BA1D652-05D2-40A8-87E3-A91A2972368B}.Release|Any CPU.ActiveCfg = Release|Any CPU
		{6BA1D652-05D2-40A8-87E3-A91A2972368B}.Release|Any CPU.Build.0 = Release|Any CPU
	EndGlobalSection
	GlobalSection(SolutionProperties) = preSolution
		HideSolutionNode = FALSE
	EndGlobalSection
	GlobalSection(ExtensibilityGlobals) = postSolution
		SolutionGuid = {55BDA187-A33F-475F-86CB-EE5794143D6C}
	EndGlobalSection
EndGlobal
