
Microsoft Visual Studio Solution File, Format Version 12.00
# Visual Studio Version 16
VisualStudioVersion = 16.0.32002.261
MinimumVisualStudioVersion = 10.0.40219.1
Project("{FAE04EC0-301F-11D3-BF4B-00C04F79EFBC}") = "ConsoleApp6", "ConsoleApp6\ConsoleApp6.csproj", "{90427CF1-34D6-4B49-AD00-30125481BB9A}"
EndProject
Global
	GlobalSection(SolutionConfigurationPlatforms) = preSolution
		Debug|Any CPU = Debug|Any CPU
		Release|Any CPU = Release|Any CPU
	EndGlobalSection
	GlobalSection(ProjectConfigurationPlatforms) = postSolution
		{90427CF1-34D6-4B49-AD00-30125481BB9A}.Debug|Any CPU.ActiveCfg = Debug|Any CPU
		{90427CF1-34D6-4B49-AD00-30125481BB9A}.Debug|Any CPU.Build.0 = Debug|Any CPU
		{90427CF1-34D6-4B49-AD00-30125481BB9A}.Release|Any CPU.ActiveCfg = Release|Any CPU
		{90427CF1-34D6-4B49-AD00-30125481BB9A}.Release|Any CPU.Build.0 = Release|Any CPU
	EndGlobalSection
	GlobalSection(SolutionProperties) = preSolution
		HideSolutionNode = FALSE
	EndGlobalSection
	GlobalSection(ExtensibilityGlobals) = postSolution
		SolutionGuid = {AEDF7978-633B-4CD3-80E5-E064063B6270}
	EndGlobalSection
EndGlobal
